
Microsoft Visual Studio Solution File, Format Version 12.00
# Visual Studio Version 16
VisualStudioVersion = 16.0.31019.35
MinimumVisualStudioVersion = 10.0.40219.1
Project("{FAE04EC0-301F-11D3-BF4B-00C04F79EFBC}") = "ClassMetotDemo", "ClassMetotDemo\ClassMetotDemo.csproj", "{B836385B-D4CA-4A16-8329-43DDB034B43D}"
EndProject
Global
	GlobalSection(SolutionConfigurationPlatforms) = preSolution
		Debug|Any CPU = Debug|Any CPU
		Release|Any CPU = Release|Any CPU
	EndGlobalSection
	GlobalSection(ProjectConfigurationPlatforms) = postSolution
		{B836385B-D4CA-4A16-8329-43DDB034B43D}.Debug|Any CPU.ActiveCfg = Debug|Any CPU
		{B836385B-D4CA-4A16-8329-43DDB034B43D}.Debug|Any CPU.Build.0 = Debug|Any CPU
		{B836385B-D4CA-4A16-8329-43DDB034B43D}.Release|Any CPU.ActiveCfg = Release|Any CPU
		{B836385B-D4CA-4A16-8329-43DDB034B43D}.Release|Any CPU.Build.0 = Release|Any CPU
	EndGlobalSection
	GlobalSection(SolutionProperties) = preSolution
		HideSolutionNode = FALSE
	EndGlobalSection
	GlobalSection(ExtensibilityGlobals) = postSolution
		SolutionGuid = {BF332300-7C6B-4D2B-B658-254E5A1984B7}
	EndGlobalSection
EndGlobal
